// !$*UTF8*$!
{
	archiveVersion = 1;
	classes = {
	};
	objectVersion = 48;
	objects = {

/* Begin PBXBuildFile section */
		652D67631FBD582A00DC23DF /* LaunchScreen.png in Resources */ = {isa = PBXBuildFile; fileRef = 652D67591FBD582800DC23DF /* LaunchScreen.png */; };
		652D67641FBD582A00DC23DF /* flecheDroite.png in Resources */ = {isa = PBXBuildFile; fileRef = 652D675A1FBD582900DC23DF /* flecheDroite.png */; };
		652D67651FBD582A00DC23DF /* felcheDroite.png in Resources */ = {isa = PBXBuildFile; fileRef = 652D675B1FBD582900DC23DF /* felcheDroite.png */; };
		652D67661FBD582A00DC23DF /* ADD.png in Resources */ = {isa = PBXBuildFile; fileRef = 652D675C1FBD582900DC23DF /* ADD.png */; };
		652D67681FBD582A00DC23DF /* Artboard 2.png in Resources */ = {isa = PBXBuildFile; fileRef = 652D675E1FBD582900DC23DF /* Artboard 2.png */; };
		652D67691FBD582A00DC23DF /* Artboard 1.png in Resources */ = {isa = PBXBuildFile; fileRef = 652D675F1FBD582900DC23DF /* Artboard 1.png */; };
		652D676A1FBD582A00DC23DF /* flecheGauche.png in Resources */ = {isa = PBXBuildFile; fileRef = 652D67601FBD582900DC23DF /* flecheGauche.png */; };
		652D676B1FBD582A00DC23DF /* Reverso Softissimo.png in Resources */ = {isa = PBXBuildFile; fileRef = 652D67611FBD582A00DC23DF /* Reverso Softissimo.png */; };
		652D676C1FBD582A00DC23DF /* unnamed.png in Resources */ = {isa = PBXBuildFile; fileRef = 652D67621FBD582A00DC23DF /* unnamed.png */; };
		652EEEA31FBF798900227B2B /* Icon-196.png in Resources */ = {isa = PBXBuildFile; fileRef = 652EEE851FBF798600227B2B /* Icon-196.png */; };
		652EEEA41FBF798900227B2B /* Icon-180.png in Resources */ = {isa = PBXBuildFile; fileRef = 652EEE861FBF798600227B2B /* Icon-180.png */; };
		652EEEA51FBF798900227B2B /* Icon-32.png in Resources */ = {isa = PBXBuildFile; fileRef = 652EEE871FBF798700227B2B /* Icon-32.png */; };
		652EEEA61FBF798900227B2B /* Icon-120.png in Resources */ = {isa = PBXBuildFile; fileRef = 652EEE881FBF798700227B2B /* Icon-120.png */; };
		652EEEA71FBF798900227B2B /* Icon-20.png in Resources */ = {isa = PBXBuildFile; fileRef = 652EEE891FBF798700227B2B /* Icon-20.png */; };
		652EEEA81FBF798900227B2B /* Icon-64.png in Resources */ = {isa = PBXBuildFile; fileRef = 652EEE8A1FBF798700227B2B /* Icon-64.png */; };
		652EEEA91FBF798900227B2B /* Icon-144.png in Resources */ = {isa = PBXBuildFile; fileRef = 652EEE8B1FBF798700227B2B /* Icon-144.png */; };
		652EEEAA1FBF798900227B2B /* Icon-152.png in Resources */ = {isa = PBXBuildFile; fileRef = 652EEE8C1FBF798700227B2B /* Icon-152.png */; };
		652EEEAB1FBF798900227B2B /* Icon-50.png in Resources */ = {isa = PBXBuildFile; fileRef = 652EEE8D1FBF798700227B2B /* Icon-50.png */; };
		652EEEAC1FBF798900227B2B /* Icon-100.png in Resources */ = {isa = PBXBuildFile; fileRef = 652EEE8E1FBF798700227B2B /* Icon-100.png */; };
		652EEEAD1FBF798900227B2B /* Icon-60.png in Resources */ = {isa = PBXBuildFile; fileRef = 652EEE8F1FBF798700227B2B /* Icon-60.png */; };
		652EEEAE1FBF798900227B2B /* Icon-114.png in Resources */ = {isa = PBXBuildFile; fileRef = 652EEE901FBF798700227B2B /* Icon-114.png */; };
		652EEEAF1FBF798900227B2B /* Icon-55.png in Resources */ = {isa = PBXBuildFile; fileRef = 652EEE911FBF798700227B2B /* Icon-55.png */; };
		652EEEB01FBF798900227B2B /* Icon-48.png in Resources */ = {isa = PBXBuildFile; fileRef = 652EEE921FBF798700227B2B /* Icon-48.png */; };
		652EEEB11FBF798900227B2B /* Icon-40.png in Resources */ = {isa = PBXBuildFile; fileRef = 652EEE931FBF798700227B2B /* Icon-40.png */; };
		652EEEB21FBF798900227B2B /* Icon-58.png in Resources */ = {isa = PBXBuildFile; fileRef = 652EEE941FBF798700227B2B /* Icon-58.png */; };
		652EEEB31FBF798900227B2B /* Icon-128.png in Resources */ = {isa = PBXBuildFile; fileRef = 652EEE951FBF798700227B2B /* Icon-128.png */; };
		652EEEB41FBF798900227B2B /* Icon-512.png in Resources */ = {isa = PBXBuildFile; fileRef = 652EEE961FBF798800227B2B /* Icon-512.png */; };
		652EEEB51FBF798900227B2B /* Icon-172.png in Resources */ = {isa = PBXBuildFile; fileRef = 652EEE971FBF798800227B2B /* Icon-172.png */; };
		652EEEB61FBF798900227B2B /* Icon-87.png in Resources */ = {isa = PBXBuildFile; fileRef = 652EEE981FBF798800227B2B /* Icon-87.png */; };
		652EEEB71FBF798900227B2B /* Icon-80.png in Resources */ = {isa = PBXBuildFile; fileRef = 652EEE991FBF798800227B2B /* Icon-80.png */; };
		652EEEB81FBF798900227B2B /* Icon-57.png in Resources */ = {isa = PBXBuildFile; fileRef = 652EEE9A1FBF798800227B2B /* Icon-57.png */; };
		652EEEB91FBF798900227B2B /* Icon-16.png in Resources */ = {isa = PBXBuildFile; fileRef = 652EEE9B1FBF798800227B2B /* Icon-16.png */; };
		652EEEBA1FBF798900227B2B /* Icon-167.png in Resources */ = {isa = PBXBuildFile; fileRef = 652EEE9C1FBF798800227B2B /* Icon-167.png */; };
		652EEEBB1FBF798900227B2B /* Icon-256.png in Resources */ = {isa = PBXBuildFile; fileRef = 652EEE9D1FBF798800227B2B /* Icon-256.png */; };
		652EEEBC1FBF798900227B2B /* Icon-88.png in Resources */ = {isa = PBXBuildFile; fileRef = 652EEE9E1FBF798800227B2B /* Icon-88.png */; };
		652EEEBD1FBF798900227B2B /* Icon-72.png in Resources */ = {isa = PBXBuildFile; fileRef = 652EEE9F1FBF798800227B2B /* Icon-72.png */; };
		652EEEBE1FBF798900227B2B /* Icon-1024.png in Resources */ = {isa = PBXBuildFile; fileRef = 652EEEA01FBF798900227B2B /* Icon-1024.png */; };
		652EEEBF1FBF798900227B2B /* Icon-76.png in Resources */ = {isa = PBXBuildFile; fileRef = 652EEEA11FBF798900227B2B /* Icon-76.png */; };
		652EEEC01FBF798900227B2B /* Icon-29.png in Resources */ = {isa = PBXBuildFile; fileRef = 652EEEA21FBF798900227B2B /* Icon-29.png */; };
		65BFADC91FBAA29E00B6492C /* AppDelegate.swift in Sources */ = {isa = PBXBuildFile; fileRef = 65BFADC81FBAA29E00B6492C /* AppDelegate.swift */; };
		65BFADCB1FBAA29E00B6492C /* ViewController.swift in Sources */ = {isa = PBXBuildFile; fileRef = 65BFADCA1FBAA29E00B6492C /* ViewController.swift */; };
		65BFADCE1FBAA29E00B6492C /* Main.storyboard in Resources */ = {isa = PBXBuildFile; fileRef = 65BFADCC1FBAA29E00B6492C /* Main.storyboard */; };
		65BFADD01FBAA29E00B6492C /* Assets.xcassets in Resources */ = {isa = PBXBuildFile; fileRef = 65BFADCF1FBAA29E00B6492C /* Assets.xcassets */; };
		65BFADD31FBAA29E00B6492C /* LaunchScreen.storyboard in Resources */ = {isa = PBXBuildFile; fileRef = 65BFADD11FBAA29E00B6492C /* LaunchScreen.storyboard */; };
		65BFADDE1FBAA29E00B6492C /* ReversoTests.swift in Sources */ = {isa = PBXBuildFile; fileRef = 65BFADDD1FBAA29E00B6492C /* ReversoTests.swift */; };
		65BFADE91FBAA29E00B6492C /* ReversoUITests.swift in Sources */ = {isa = PBXBuildFile; fileRef = 65BFADE81FBAA29E00B6492C /* ReversoUITests.swift */; };
		65BFADF71FBAA3F800B6492C /* deux.swift in Sources */ = {isa = PBXBuildFile; fileRef = 65BFADF61FBAA3F800B6492C /* deux.swift */; };
		65EE55931FBEE3E5003FC0A6 /* BouttonFRAN.png in Resources */ = {isa = PBXBuildFile; fileRef = 65EE55921FBEE3E4003FC0A6 /* BouttonFRAN.png */; };
/* End PBXBuildFile section */

/* Begin PBXContainerItemProxy section */
		65BFADDA1FBAA29E00B6492C /* PBXContainerItemProxy */ = {
			isa = PBXContainerItemProxy;
			containerPortal = 65BFADBD1FBAA29E00B6492C /* Project object */;
			proxyType = 1;
			remoteGlobalIDString = 65BFADC41FBAA29E00B6492C;
			remoteInfo = Reverso;
		};
		65BFADE51FBAA29E00B6492C /* PBXContainerItemProxy */ = {
			isa = PBXContainerItemProxy;
			containerPortal = 65BFADBD1FBAA29E00B6492C /* Project object */;
			proxyType = 1;
			remoteGlobalIDString = 65BFADC41FBAA29E00B6492C;
			remoteInfo = Reverso;
		};
/* End PBXContainerItemProxy section */

/* Begin PBXFileReference section */
		652D67591FBD582800DC23DF /* LaunchScreen.png */ = {isa = PBXFileReference; lastKnownFileType = image.png; path = LaunchScreen.png; sourceTree = "<group>"; };
		652D675A1FBD582900DC23DF /* flecheDroite.png */ = {isa = PBXFileReference; lastKnownFileType = image.png; path = flecheDroite.png; sourceTree = "<group>"; };
		652D675B1FBD582900DC23DF /* felcheDroite.png */ = {isa = PBXFileReference; lastKnownFileType = image.png; path = felcheDroite.png; sourceTree = "<group>"; };
		652D675C1FBD582900DC23DF /* ADD.png */ = {isa = PBXFileReference; lastKnownFileType = image.png; path = ADD.png; sourceTree = "<group>"; };
		652D675E1FBD582900DC23DF /* Artboard 2.png */ = {isa = PBXFileReference; lastKnownFileType = image.png; path = "Artboard 2.png"; sourceTree = "<group>"; };
		652D675F1FBD582900DC23DF /* Artboard 1.png */ = {isa = PBXFileReference; lastKnownFileType = image.png; path = "Artboard 1.png"; sourceTree = "<group>"; };
		652D67601FBD582900DC23DF /* flecheGauche.png */ = {isa = PBXFileReference; lastKnownFileType = image.png; path = flecheGauche.png; sourceTree = "<group>"; };
		652D67611FBD582A00DC23DF /* Reverso Softissimo.png */ = {isa = PBXFileReference; lastKnownFileType = image.png; path = "Reverso Softissimo.png"; sourceTree = "<group>"; };
		652D67621FBD582A00DC23DF /* unnamed.png */ = {isa = PBXFileReference; lastKnownFileType = image.png; path = unnamed.png; sourceTree = "<group>"; };
		652EEE851FBF798600227B2B /* Icon-196.png */ = {isa = PBXFileReference; lastKnownFileType = image.png; name = "Icon-196.png"; path = "appiconmaker.co_ios2/Icon-196.png"; sourceTree = "<group>"; };
		652EEE861FBF798600227B2B /* Icon-180.png */ = {isa = PBXFileReference; lastKnownFileType = image.png; name = "Icon-180.png"; path = "appiconmaker.co_ios2/Icon-180.png"; sourceTree = "<group>"; };
		652EEE871FBF798700227B2B /* Icon-32.png */ = {isa = PBXFileReference; lastKnownFileType = image.png; name = "Icon-32.png"; path = "appiconmaker.co_ios2/Icon-32.png"; sourceTree = "<group>"; };
		652EEE881FBF798700227B2B /* Icon-120.png */ = {isa = PBXFileReference; lastKnownFileType = image.png; name = "Icon-120.png"; path = "appiconmaker.co_ios2/Icon-120.png"; sourceTree = "<group>"; };
		652EEE891FBF798700227B2B /* Icon-20.png */ = {isa = PBXFileReference; lastKnownFileType = image.png; name = "Icon-20.png"; path = "appiconmaker.co_ios2/Icon-20.png"; sourceTree = "<group>"; };
		652EEE8A1FBF798700227B2B /* Icon-64.png */ = {isa = PBXFileReference; lastKnownFileType = image.png; name = "Icon-64.png"; path = "appiconmaker.co_ios2/Icon-64.png"; sourceTree = "<group>"; };
		652EEE8B1FBF798700227B2B /* Icon-144.png */ = {isa = PBXFileReference; lastKnownFileType = image.png; name = "Icon-144.png"; path = "appiconmaker.co_ios2/Icon-144.png"; sourceTree = "<group>"; };
		652EEE8C1FBF798700227B2B /* Icon-152.png */ = {isa = PBXFileReference; lastKnownFileType = image.png; name = "Icon-152.png"; path = "appiconmaker.co_ios2/Icon-152.png"; sourceTree = "<group>"; };
		652EEE8D1FBF798700227B2B /* Icon-50.png */ = {isa = PBXFileReference; lastKnownFileType = image.png; name = "Icon-50.png"; path = "appiconmaker.co_ios2/Icon-50.png"; sourceTree = "<group>"; };
		652EEE8E1FBF798700227B2B /* Icon-100.png */ = {isa = PBXFileReference; lastKnownFileType = image.png; name = "Icon-100.png"; path = "appiconmaker.co_ios2/Icon-100.png"; sourceTree = "<group>"; };
		652EEE8F1FBF798700227B2B /* Icon-60.png */ = {isa = PBXFileReference; lastKnownFileType = image.png; name = "Icon-60.png"; path = "appiconmaker.co_ios2/Icon-60.png"; sourceTree = "<group>"; };
		652EEE901FBF798700227B2B /* Icon-114.png */ = {isa = PBXFileReference; lastKnownFileType = image.png; name = "Icon-114.png"; path = "appiconmaker.co_ios2/Icon-114.png"; sourceTree = "<group>"; };
		652EEE911FBF798700227B2B /* Icon-55.png */ = {isa = PBXFileReference; lastKnownFileType = image.png; name = "Icon-55.png"; path = "appiconmaker.co_ios2/Icon-55.png"; sourceTree = "<group>"; };
		652EEE921FBF798700227B2B /* Icon-48.png */ = {isa = PBXFileReference; lastKnownFileType = image.png; name = "Icon-48.png"; path = "appiconmaker.co_ios2/Icon-48.png"; sourceTree = "<group>"; };
		652EEE931FBF798700227B2B /* Icon-40.png */ = {isa = PBXFileReference; lastKnownFileType = image.png; name = "Icon-40.png"; path = "appiconmaker.co_ios2/Icon-40.png"; sourceTree = "<group>"; };
		652EEE941FBF798700227B2B /* Icon-58.png */ = {isa = PBXFileReference; lastKnownFileType = image.png; name = "Icon-58.png"; path = "appiconmaker.co_ios2/Icon-58.png"; sourceTree = "<group>"; };
		652EEE951FBF798700227B2B /* Icon-128.png */ = {isa = PBXFileReference; lastKnownFileType = image.png; name = "Icon-128.png"; path = "appiconmaker.co_ios2/Icon-128.png"; sourceTree = "<group>"; };
		652EEE961FBF798800227B2B /* Icon-512.png */ = {isa = PBXFileReference; lastKnownFileType = image.png; name = "Icon-512.png"; path = "appiconmaker.co_ios2/Icon-512.png"; sourceTree = "<group>"; };
		652EEE971FBF798800227B2B /* Icon-172.png */ = {isa = PBXFileReference; lastKnownFileType = image.png; name = "Icon-172.png"; path = "appiconmaker.co_ios2/Icon-172.png"; sourceTree = "<group>"; };
		652EEE981FBF798800227B2B /* Icon-87.png */ = {isa = PBXFileReference; lastKnownFileType = image.png; name = "Icon-87.png"; path = "appiconmaker.co_ios2/Icon-87.png"; sourceTree = "<group>"; };
		652EEE991FBF798800227B2B /* Icon-80.png */ = {isa = PBXFileReference; lastKnownFileType = image.png; name = "Icon-80.png"; path = "appiconmaker.co_ios2/Icon-80.png"; sourceTree = "<group>"; };
		652EEE9A1FBF798800227B2B /* Icon-57.png */ = {isa = PBXFileReference; lastKnownFileType = image.png; name = "Icon-57.png"; path = "appiconmaker.co_ios2/Icon-57.png"; sourceTree = "<group>"; };
		652EEE9B1FBF798800227B2B /* Icon-16.png */ = {isa = PBXFileReference; lastKnownFileType = image.png; name = "Icon-16.png"; path = "appiconmaker.co_ios2/Icon-16.png"; sourceTree = "<group>"; };
		652EEE9C1FBF798800227B2B /* Icon-167.png */ = {isa = PBXFileReference; lastKnownFileType = image.png; name = "Icon-167.png"; path = "appiconmaker.co_ios2/Icon-167.png"; sourceTree = "<group>"; };
		652EEE9D1FBF798800227B2B /* Icon-256.png */ = {isa = PBXFileReference; lastKnownFileType = image.png; name = "Icon-256.png"; path = "appiconmaker.co_ios2/Icon-256.png"; sourceTree = "<group>"; };
		652EEE9E1FBF798800227B2B /* Icon-88.png */ = {isa = PBXFileReference; lastKnownFileType = image.png; name = "Icon-88.png"; path = "appiconmaker.co_ios2/Icon-88.png"; sourceTree = "<group>"; };
		652EEE9F1FBF798800227B2B /* Icon-72.png */ = {isa = PBXFileReference; lastKnownFileType = image.png; name = "Icon-72.png"; path = "appiconmaker.co_ios2/Icon-72.png"; sourceTree = "<group>"; };
		652EEEA01FBF798900227B2B /* Icon-1024.png */ = {isa = PBXFileReference; lastKnownFileType = image.png; name = "Icon-1024.png"; path = "appiconmaker.co_ios2/Icon-1024.png"; sourceTree = "<group>"; };
		652EEEA11FBF798900227B2B /* Icon-76.png */ = {isa = PBXFileReference; lastKnownFileType = image.png; name = "Icon-76.png"; path = "appiconmaker.co_ios2/Icon-76.png"; sourceTree = "<group>"; };
		652EEEA21FBF798900227B2B /* Icon-29.png */ = {isa = PBXFileReference; lastKnownFileType = image.png; name = "Icon-29.png"; path = "appiconmaker.co_ios2/Icon-29.png"; sourceTree = "<group>"; };
		65BFADC51FBAA29E00B6492C /* Reverso.app */ = {isa = PBXFileReference; explicitFileType = wrapper.application; includeInIndex = 0; path = Reverso.app; sourceTree = BUILT_PRODUCTS_DIR; };
		65BFADC81FBAA29E00B6492C /* AppDelegate.swift */ = {isa = PBXFileReference; lastKnownFileType = sourcecode.swift; path = AppDelegate.swift; sourceTree = "<group>"; };
		65BFADCA1FBAA29E00B6492C /* ViewController.swift */ = {isa = PBXFileReference; lastKnownFileType = sourcecode.swift; path = ViewController.swift; sourceTree = "<group>"; };
		65BFADCD1FBAA29E00B6492C /* Base */ = {isa = PBXFileReference; lastKnownFileType = file.storyboard; name = Base; path = Base.lproj/Main.storyboard; sourceTree = "<group>"; };
		65BFADCF1FBAA29E00B6492C /* Assets.xcassets */ = {isa = PBXFileReference; lastKnownFileType = folder.assetcatalog; path = Assets.xcassets; sourceTree = "<group>"; };
		65BFADD21FBAA29E00B6492C /* Base */ = {isa = PBXFileReference; lastKnownFileType = file.storyboard; name = Base; path = Base.lproj/LaunchScreen.storyboard; sourceTree = "<group>"; };
		65BFADD41FBAA29E00B6492C /* Info.plist */ = {isa = PBXFileReference; lastKnownFileType = text.plist.xml; path = Info.plist; sourceTree = "<group>"; };
		65BFADD91FBAA29E00B6492C /* ReversoTests.xctest */ = {isa = PBXFileReference; explicitFileType = wrapper.cfbundle; includeInIndex = 0; path = ReversoTests.xctest; sourceTree = BUILT_PRODUCTS_DIR; };
		65BFADDD1FBAA29E00B6492C /* ReversoTests.swift */ = {isa = PBXFileReference; lastKnownFileType = sourcecode.swift; path = ReversoTests.swift; sourceTree = "<group>"; };
		65BFADDF1FBAA29E00B6492C /* Info.plist */ = {isa = PBXFileReference; lastKnownFileType = text.plist.xml; path = Info.plist; sourceTree = "<group>"; };
		65BFADE41FBAA29E00B6492C /* ReversoUITests.xctest */ = {isa = PBXFileReference; explicitFileType = wrapper.cfbundle; includeInIndex = 0; path = ReversoUITests.xctest; sourceTree = BUILT_PRODUCTS_DIR; };
		65BFADE81FBAA29E00B6492C /* ReversoUITests.swift */ = {isa = PBXFileReference; lastKnownFileType = sourcecode.swift; path = ReversoUITests.swift; sourceTree = "<group>"; };
		65BFADEA1FBAA29E00B6492C /* Info.plist */ = {isa = PBXFileReference; lastKnownFileType = text.plist.xml; path = Info.plist; sourceTree = "<group>"; };
		65BFADF61FBAA3F800B6492C /* deux.swift */ = {isa = PBXFileReference; lastKnownFileType = sourcecode.swift; path = deux.swift; sourceTree = "<group>"; };
		65EE55921FBEE3E4003FC0A6 /* BouttonFRAN.png */ = {isa = PBXFileReference; lastKnownFileType = image.png; path = BouttonFRAN.png; sourceTree = "<group>"; };
/* End PBXFileReference section */

/* Begin PBXFrameworksBuildPhase section */
		65BFADC21FBAA29E00B6492C /* Frameworks */ = {
			isa = PBXFrameworksBuildPhase;
			buildActionMask = 2147483647;
			files = (
			);
			runOnlyForDeploymentPostprocessing = 0;
		};
		65BFADD61FBAA29E00B6492C /* Frameworks */ = {
			isa = PBXFrameworksBuildPhase;
			buildActionMask = 2147483647;
			files = (
			);
			runOnlyForDeploymentPostprocessing = 0;
		};
		65BFADE11FBAA29E00B6492C /* Frameworks */ = {
			isa = PBXFrameworksBuildPhase;
			buildActionMask = 2147483647;
			files = (
			);
			runOnlyForDeploymentPostprocessing = 0;
		};
/* End PBXFrameworksBuildPhase section */

/* Begin PBXGroup section */
		652EEE841FBF794400227B2B /* appiconmaker */ = {
			isa = PBXGroup;
			children = (
				652EEE9B1FBF798800227B2B /* Icon-16.png */,
				652EEE891FBF798700227B2B /* Icon-20.png */,
				652EEEA21FBF798900227B2B /* Icon-29.png */,
				652EEE871FBF798700227B2B /* Icon-32.png */,
				652EEE931FBF798700227B2B /* Icon-40.png */,
				652EEE921FBF798700227B2B /* Icon-48.png */,
				652EEE8D1FBF798700227B2B /* Icon-50.png */,
				652EEE911FBF798700227B2B /* Icon-55.png */,
				652EEE9A1FBF798800227B2B /* Icon-57.png */,
				652EEE941FBF798700227B2B /* Icon-58.png */,
				652EEE8F1FBF798700227B2B /* Icon-60.png */,
				652EEE8A1FBF798700227B2B /* Icon-64.png */,
				652EEE9F1FBF798800227B2B /* Icon-72.png */,
				652EEEA11FBF798900227B2B /* Icon-76.png */,
				652EEE991FBF798800227B2B /* Icon-80.png */,
				652EEE981FBF798800227B2B /* Icon-87.png */,
				652EEE9E1FBF798800227B2B /* Icon-88.png */,
				652EEE8E1FBF798700227B2B /* Icon-100.png */,
				652EEE901FBF798700227B2B /* Icon-114.png */,
				652EEE881FBF798700227B2B /* Icon-120.png */,
				652EEE951FBF798700227B2B /* Icon-128.png */,
				652EEE8B1FBF798700227B2B /* Icon-144.png */,
				652EEE8C1FBF798700227B2B /* Icon-152.png */,
				652EEE9C1FBF798800227B2B /* Icon-167.png */,
				652EEE971FBF798800227B2B /* Icon-172.png */,
				652EEE861FBF798600227B2B /* Icon-180.png */,
				652EEE851FBF798600227B2B /* Icon-196.png */,
				652EEE9D1FBF798800227B2B /* Icon-256.png */,
				652EEE961FBF798800227B2B /* Icon-512.png */,
				652EEEA01FBF798900227B2B /* Icon-1024.png */,
			);
			name = appiconmaker;
			sourceTree = "<group>";
		};
		655D6FFD1FBD4A2700295E25 /* images */ = {
			isa = PBXGroup;
			children = (
				652EEE841FBF794400227B2B /* appiconmaker */,
				65EE55921FBEE3E4003FC0A6 /* BouttonFRAN.png */,
				652D675C1FBD582900DC23DF /* ADD.png */,
				652D675F1FBD582900DC23DF /* Artboard 1.png */,
				652D675E1FBD582900DC23DF /* Artboard 2.png */,
				652D675B1FBD582900DC23DF /* felcheDroite.png */,
				652D675A1FBD582900DC23DF /* flecheDroite.png */,
				652D67601FBD582900DC23DF /* flecheGauche.png */,
				652D67591FBD582800DC23DF /* LaunchScreen.png */,
				652D67611FBD582A00DC23DF /* Reverso Softissimo.png */,
				652D67621FBD582A00DC23DF /* unnamed.png */,
			);
			path = images;
			sourceTree = "<group>";
		};
		65BFADBC1FBAA29E00B6492C = {
			isa = PBXGroup;
			children = (
				65BFADC71FBAA29E00B6492C /* Reverso */,
				65BFADDC1FBAA29E00B6492C /* ReversoTests */,
				65BFADE71FBAA29E00B6492C /* ReversoUITests */,
				65BFADC61FBAA29E00B6492C /* Products */,
			);
			sourceTree = "<group>";
		};
		65BFADC61FBAA29E00B6492C /* Products */ = {
			isa = PBXGroup;
			children = (
				65BFADC51FBAA29E00B6492C /* Reverso.app */,
				65BFADD91FBAA29E00B6492C /* ReversoTests.xctest */,
				65BFADE41FBAA29E00B6492C /* ReversoUITests.xctest */,
			);
			name = Products;
			sourceTree = "<group>";
		};
		65BFADC71FBAA29E00B6492C /* Reverso */ = {
			isa = PBXGroup;
			children = (
				655D6FFD1FBD4A2700295E25 /* images */,
				65BFADC81FBAA29E00B6492C /* AppDelegate.swift */,
				65BFADCA1FBAA29E00B6492C /* ViewController.swift */,
				65BFADCC1FBAA29E00B6492C /* Main.storyboard */,
				65BFADF61FBAA3F800B6492C /* deux.swift */,
				65BFADCF1FBAA29E00B6492C /* Assets.xcassets */,
				65BFADD11FBAA29E00B6492C /* LaunchScreen.storyboard */,
				65BFADD41FBAA29E00B6492C /* Info.plist */,
			);
			path = Reverso;
			sourceTree = "<group>";
		};
		65BFADDC1FBAA29E00B6492C /* ReversoTests */ = {
			isa = PBXGroup;
			children = (
				65BFADDD1FBAA29E00B6492C /* ReversoTests.swift */,
				65BFADDF1FBAA29E00B6492C /* Info.plist */,
			);
			path = ReversoTests;
			sourceTree = "<group>";
		};
		65BFADE71FBAA29E00B6492C /* ReversoUITests */ = {
			isa = PBXGroup;
			children = (
				65BFADE81FBAA29E00B6492C /* ReversoUITests.swift */,
				65BFADEA1FBAA29E00B6492C /* Info.plist */,
			);
			path = ReversoUITests;
			sourceTree = "<group>";
		};
/* End PBXGroup section */

/* Begin PBXNativeTarget section */
		65BFADC41FBAA29E00B6492C /* Reverso */ = {
			isa = PBXNativeTarget;
			buildConfigurationList = 65BFADED1FBAA29E00B6492C /* Build configuration list for PBXNativeTarget "Reverso" */;
			buildPhases = (
				65BFADC11FBAA29E00B6492C /* Sources */,
				65BFADC21FBAA29E00B6492C /* Frameworks */,
				65BFADC31FBAA29E00B6492C /* Resources */,
			);
			buildRules = (
			);
			dependencies = (
			);
			name = Reverso;
			productName = Reverso;
			productReference = 65BFADC51FBAA29E00B6492C /* Reverso.app */;
			productType = "com.apple.product-type.application";
		};
		65BFADD81FBAA29E00B6492C /* ReversoTests */ = {
			isa = PBXNativeTarget;
			buildConfigurationList = 65BFADF01FBAA29E00B6492C /* Build configuration list for PBXNativeTarget "ReversoTests" */;
			buildPhases = (
				65BFADD51FBAA29E00B6492C /* Sources */,
				65BFADD61FBAA29E00B6492C /* Frameworks */,
				65BFADD71FBAA29E00B6492C /* Resources */,
			);
			buildRules = (
			);
			dependencies = (
				65BFADDB1FBAA29E00B6492C /* PBXTargetDependency */,
			);
			name = ReversoTests;
			productName = ReversoTests;
			productReference = 65BFADD91FBAA29E00B6492C /* ReversoTests.xctest */;
			productType = "com.apple.product-type.bundle.unit-test";
		};
		65BFADE31FBAA29E00B6492C /* ReversoUITests */ = {
			isa = PBXNativeTarget;
			buildConfigurationList = 65BFADF31FBAA29E00B6492C /* Build configuration list for PBXNativeTarget "ReversoUITests" */;
			buildPhases = (
				65BFADE01FBAA29E00B6492C /* Sources */,
				65BFADE11FBAA29E00B6492C /* Frameworks */,
				65BFADE21FBAA29E00B6492C /* Resources */,
			);
			buildRules = (
			);
			dependencies = (
				65BFADE61FBAA29E00B6492C /* PBXTargetDependency */,
			);
			name = ReversoUITests;
			productName = ReversoUITests;
			productReference = 65BFADE41FBAA29E00B6492C /* ReversoUITests.xctest */;
			productType = "com.apple.product-type.bundle.ui-testing";
		};
/* End PBXNativeTarget section */

/* Begin PBXProject section */
		65BFADBD1FBAA29E00B6492C /* Project object */ = {
			isa = PBXProject;
			attributes = {
				LastSwiftUpdateCheck = 0910;
				LastUpgradeCheck = 0910;
				ORGANIZATIONNAME = BensNedalus;
				TargetAttributes = {
					65BFADC41FBAA29E00B6492C = {
						CreatedOnToolsVersion = 9.1;
						ProvisioningStyle = Automatic;
					};
					65BFADD81FBAA29E00B6492C = {
						CreatedOnToolsVersion = 9.1;
						ProvisioningStyle = Automatic;
						TestTargetID = 65BFADC41FBAA29E00B6492C;
					};
					65BFADE31FBAA29E00B6492C = {
						CreatedOnToolsVersion = 9.1;
						ProvisioningStyle = Automatic;
						TestTargetID = 65BFADC41FBAA29E00B6492C;
					};
				};
			};
			buildConfigurationList = 65BFADC01FBAA29E00B6492C /* Build configuration list for PBXProject "Reverso" */;
			compatibilityVersion = "Xcode 8.0";
			developmentRegion = en;
			hasScannedForEncodings = 0;
			knownRegions = (
				en,
				Base,
			);
			mainGroup = 65BFADBC1FBAA29E00B6492C;
			productRefGroup = 65BFADC61FBAA29E00B6492C /* Products */;
			projectDirPath = "";
			projectRoot = "";
			targets = (
				65BFADC41FBAA29E00B6492C /* Reverso */,
				65BFADD81FBAA29E00B6492C /* ReversoTests */,
				65BFADE31FBAA29E00B6492C /* ReversoUITests */,
			);
		};
/* End PBXProject section */

/* Begin PBXResourcesBuildPhase section */
		65BFADC31FBAA29E00B6492C /* Resources */ = {
			isa = PBXResourcesBuildPhase;
			buildActionMask = 2147483647;
			files = (
				65BFADD31FBAA29E00B6492C /* LaunchScreen.storyboard in Resources */,
				652EEEAB1FBF798900227B2B /* Icon-50.png in Resources */,
				652EEEAD1FBF798900227B2B /* Icon-60.png in Resources */,
				652D67661FBD582A00DC23DF /* ADD.png in Resources */,
				652EEEAF1FBF798900227B2B /* Icon-55.png in Resources */,
				652EEEA71FBF798900227B2B /* Icon-20.png in Resources */,
				652D67681FBD582A00DC23DF /* Artboard 2.png in Resources */,
				652EEEA81FBF798900227B2B /* Icon-64.png in Resources */,
				652EEEA61FBF798900227B2B /* Icon-120.png in Resources */,
				652D676A1FBD582A00DC23DF /* flecheGauche.png in Resources */,
				652EEEAC1FBF798900227B2B /* Icon-100.png in Resources */,
				652EEEB01FBF798900227B2B /* Icon-48.png in Resources */,
				65EE55931FBEE3E5003FC0A6 /* BouttonFRAN.png in Resources */,
				652EEEC01FBF798900227B2B /* Icon-29.png in Resources */,
				65BFADD01FBAA29E00B6492C /* Assets.xcassets in Resources */,
				652EEEB71FBF798900227B2B /* Icon-80.png in Resources */,
				652D67631FBD582A00DC23DF /* LaunchScreen.png in Resources */,
				652EEEB51FBF798900227B2B /* Icon-172.png in Resources */,
				652EEEBF1FBF798900227B2B /* Icon-76.png in Resources */,
				652D67641FBD582A00DC23DF /* flecheDroite.png in Resources */,
				652D676C1FBD582A00DC23DF /* unnamed.png in Resources */,
				652EEEA51FBF798900227B2B /* Icon-32.png in Resources */,
				652D67651FBD582A00DC23DF /* felcheDroite.png in Resources */,
				652EEEBD1FBF798900227B2B /* Icon-72.png in Resources */,
				65BFADCE1FBAA29E00B6492C /* Main.storyboard in Resources */,
				652EEEB21FBF798900227B2B /* Icon-58.png in Resources */,
				652EEEA31FBF798900227B2B /* Icon-196.png in Resources */,
				652EEEAA1FBF798900227B2B /* Icon-152.png in Resources */,
				652EEEB81FBF798900227B2B /* Icon-57.png in Resources */,
				652D67691FBD582A00DC23DF /* Artboard 1.png in Resources */,
				652EEEA41FBF798900227B2B /* Icon-180.png in Resources */,
				652EEEB11FBF798900227B2B /* Icon-40.png in Resources */,
				652EEEBC1FBF798900227B2B /* Icon-88.png in Resources */,
				652EEEA91FBF798900227B2B /* Icon-144.png in Resources */,
				652EEEBB1FBF798900227B2B /* Icon-256.png in Resources */,
				652EEEAE1FBF798900227B2B /* Icon-114.png in Resources */,
				652EEEB61FBF798900227B2B /* Icon-87.png in Resources */,
				652EEEB31FBF798900227B2B /* Icon-128.png in Resources */,
				652EEEB41FBF798900227B2B /* Icon-512.png in Resources */,
				652D676B1FBD582A00DC23DF /* Reverso Softissimo.png in Resources */,
				652EEEBA1FBF798900227B2B /* Icon-167.png in Resources */,
				652EEEB91FBF798900227B2B /* Icon-16.png in Resources */,
				652EEEBE1FBF798900227B2B /* Icon-1024.png in Resources */,
			);
			runOnlyForDeploymentPostprocessing = 0;
		};
		65BFADD71FBAA29E00B6492C /* Resources */ = {
			isa = PBXResourcesBuildPhase;
			buildActionMask = 2147483647;
			files = (
			);
			runOnlyForDeploymentPostprocessing = 0;
		};
		65BFADE21FBAA29E00B6492C /* Resources */ = {
			isa = PBXResourcesBuildPhase;
			buildActionMask = 2147483647;
			files = (
			);
			runOnlyForDeploymentPostprocessing = 0;
		};
/* End PBXResourcesBuildPhase section */

/* Begin PBXSourcesBuildPhase section */
		65BFADC11FBAA29E00B6492C /* Sources */ = {
			isa = PBXSourcesBuildPhase;
			buildActionMask = 2147483647;
			files = (
				65BFADF71FBAA3F800B6492C /* deux.swift in Sources */,
				65BFADCB1FBAA29E00B6492C /* ViewController.swift in Sources */,
				65BFADC91FBAA29E00B6492C /* AppDelegate.swift in Sources */,
			);
			runOnlyForDeploymentPostprocessing = 0;
		};
		65BFADD51FBAA29E00B6492C /* Sources */ = {
			isa = PBXSourcesBuildPhase;
			buildActionMask = 2147483647;
			files = (
				65BFADDE1FBAA29E00B6492C /* ReversoTests.swift in Sources */,
			);
			runOnlyForDeploymentPostprocessing = 0;
		};
		65BFADE01FBAA29E00B6492C /* Sources */ = {
			isa = PBXSourcesBuildPhase;
			buildActionMask = 2147483647;
			files = (
				65BFADE91FBAA29E00B6492C /* ReversoUITests.swift in Sources */,
			);
			runOnlyForDeploymentPostprocessing = 0;
		};
/* End PBXSourcesBuildPhase section */

/* Begin PBXTargetDependency section */
		65BFADDB1FBAA29E00B6492C /* PBXTargetDependency */ = {
			isa = PBXTargetDependency;
			target = 65BFADC41FBAA29E00B6492C /* Reverso */;
			targetProxy = 65BFADDA1FBAA29E00B6492C /* PBXContainerItemProxy */;
		};
		65BFADE61FBAA29E00B6492C /* PBXTargetDependency */ = {
			isa = PBXTargetDependency;
			target = 65BFADC41FBAA29E00B6492C /* Reverso */;
			targetProxy = 65BFADE51FBAA29E00B6492C /* PBXContainerItemProxy */;
		};
/* End PBXTargetDependency section */

/* Begin PBXVariantGroup section */
		65BFADCC1FBAA29E00B6492C /* Main.storyboard */ = {
			isa = PBXVariantGroup;
			children = (
				65BFADCD1FBAA29E00B6492C /* Base */,
			);
			name = Main.storyboard;
			sourceTree = "<group>";
		};
		65BFADD11FBAA29E00B6492C /* LaunchScreen.storyboard */ = {
			isa = PBXVariantGroup;
			children = (
				65BFADD21FBAA29E00B6492C /* Base */,
			);
			name = LaunchScreen.storyboard;
			sourceTree = "<group>";
		};
/* End PBXVariantGroup section */

/* Begin XCBuildConfiguration section */
		65BFADEB1FBAA29E00B6492C /* Debug */ = {
			isa = XCBuildConfiguration;
			buildSettings = {
				ALWAYS_SEARCH_USER_PATHS = NO;
				CLANG_ANALYZER_NONNULL = YES;
				CLANG_ANALYZER_NUMBER_OBJECT_CONVERSION = YES_AGGRESSIVE;
				CLANG_CXX_LANGUAGE_STANDARD = "gnu++14";
				CLANG_CXX_LIBRARY = "libc++";
				CLANG_ENABLE_MODULES = YES;
				CLANG_ENABLE_OBJC_ARC = YES;
				CLANG_WARN_BLOCK_CAPTURE_AUTORELEASING = YES;
				CLANG_WARN_BOOL_CONVERSION = YES;
				CLANG_WARN_COMMA = YES;
				CLANG_WARN_CONSTANT_CONVERSION = YES;
				CLANG_WARN_DIRECT_OBJC_ISA_USAGE = YES_ERROR;
				CLANG_WARN_DOCUMENTATION_COMMENTS = YES;
				CLANG_WARN_EMPTY_BODY = YES;
				CLANG_WARN_ENUM_CONVERSION = YES;
				CLANG_WARN_INFINITE_RECURSION = YES;
				CLANG_WARN_INT_CONVERSION = YES;
				CLANG_WARN_NON_LITERAL_NULL_CONVERSION = YES;
				CLANG_WARN_OBJC_LITERAL_CONVERSION = YES;
				CLANG_WARN_OBJC_ROOT_CLASS = YES_ERROR;
				CLANG_WARN_RANGE_LOOP_ANALYSIS = YES;
				CLANG_WARN_STRICT_PROTOTYPES = YES;
				CLANG_WARN_SUSPICIOUS_MOVE = YES;
				CLANG_WARN_UNGUARDED_AVAILABILITY = YES_AGGRESSIVE;
				CLANG_WARN_UNREACHABLE_CODE = YES;
				CLANG_WARN__DUPLICATE_METHOD_MATCH = YES;
				CODE_SIGN_IDENTITY = "iPhone Developer";
				COPY_PHASE_STRIP = NO;
				DEBUG_INFORMATION_FORMAT = dwarf;
				ENABLE_STRICT_OBJC_MSGSEND = YES;
				ENABLE_TESTABILITY = YES;
				GCC_C_LANGUAGE_STANDARD = gnu11;
				GCC_DYNAMIC_NO_PIC = NO;
				GCC_NO_COMMON_BLOCKS = YES;
				GCC_OPTIMIZATION_LEVEL = 0;
				GCC_PREPROCESSOR_DEFINITIONS = (
					"DEBUG=1",
					"$(inherited)",
				);
				GCC_WARN_64_TO_32_BIT_CONVERSION = YES;
				GCC_WARN_ABOUT_RETURN_TYPE = YES_ERROR;
				GCC_WARN_UNDECLARED_SELECTOR = YES;
				GCC_WARN_UNINITIALIZED_AUTOS = YES_AGGRESSIVE;
				GCC_WARN_UNUSED_FUNCTION = YES;
				GCC_WARN_UNUSED_VARIABLE = YES;
				IPHONEOS_DEPLOYMENT_TARGET = 11.1;
				MTL_ENABLE_DEBUG_INFO = YES;
				ONLY_ACTIVE_ARCH = YES;
				SDKROOT = iphoneos;
				SWIFT_ACTIVE_COMPILATION_CONDITIONS = DEBUG;
				SWIFT_OPTIMIZATION_LEVEL = "-Onone";
			};
			name = Debug;
		};
		65BFADEC1FBAA29E00B6492C /* Release */ = {
			isa = XCBuildConfiguration;
			buildSettings = {
				ALWAYS_SEARCH_USER_PATHS = NO;
				CLANG_ANALYZER_NONNULL = YES;
				CLANG_ANALYZER_NUMBER_OBJECT_CONVERSION = YES_AGGRESSIVE;
				CLANG_CXX_LANGUAGE_STANDARD = "gnu++14";
				CLANG_CXX_LIBRARY = "libc++";
				CLANG_ENABLE_MODULES = YES;
				CLANG_ENABLE_OBJC_ARC = YES;
				CLANG_WARN_BLOCK_CAPTURE_AUTORELEASING = YES;
				CLANG_WARN_BOOL_CONVERSION = YES;
				CLANG_WARN_COMMA = YES;
				CLANG_WARN_CONSTANT_CONVERSION = YES;
				CLANG_WARN_DIRECT_OBJC_ISA_USAGE = YES_ERROR;
				CLANG_WARN_DOCUMENTATION_COMMENTS = YES;
				CLANG_WARN_EMPTY_BODY = YES;
				CLANG_WARN_ENUM_CONVERSION = YES;
				CLANG_WARN_INFINITE_RECURSION = YES;
				CLANG_WARN_INT_CONVERSION = YES;
				CLANG_WARN_NON_LITERAL_NULL_CONVERSION = YES;
				CLANG_WARN_OBJC_LITERAL_CONVERSION = YES;
				CLANG_WARN_OBJC_ROOT_CLASS = YES_ERROR;
				CLANG_WARN_RANGE_LOOP_ANALYSIS = YES;
				CLANG_WARN_STRICT_PROTOTYPES = YES;
				CLANG_WARN_SUSPICIOUS_MOVE = YES;
				CLANG_WARN_UNGUARDED_AVAILABILITY = YES_AGGRESSIVE;
				CLANG_WARN_UNREACHABLE_CODE = YES;
				CLANG_WARN__DUPLICATE_METHOD_MATCH = YES;
				CODE_SIGN_IDENTITY = "iPhone Developer";
				COPY_PHASE_STRIP = NO;
				DEBUG_INFORMATION_FORMAT = "dwarf-with-dsym";
				ENABLE_NS_ASSERTIONS = NO;
				ENABLE_STRICT_OBJC_MSGSEND = YES;
				GCC_C_LANGUAGE_STANDARD = gnu11;
				GCC_NO_COMMON_BLOCKS = YES;
				GCC_WARN_64_TO_32_BIT_CONVERSION = YES;
				GCC_WARN_ABOUT_RETURN_TYPE = YES_ERROR;
				GCC_WARN_UNDECLARED_SELECTOR = YES;
				GCC_WARN_UNINITIALIZED_AUTOS = YES_AGGRESSIVE;
				GCC_WARN_UNUSED_FUNCTION = YES;
				GCC_WARN_UNUSED_VARIABLE = YES;
				IPHONEOS_DEPLOYMENT_TARGET = 11.1;
				MTL_ENABLE_DEBUG_INFO = NO;
				SDKROOT = iphoneos;
				SWIFT_OPTIMIZATION_LEVEL = "-Owholemodule";
				VALIDATE_PRODUCT = YES;
			};
			name = Release;
		};
		65BFADEE1FBAA29E00B6492C /* Debug */ = {
			isa = XCBuildConfiguration;
			buildSettings = {
				ASSETCATALOG_COMPILER_APPICON_NAME = AppIcon;
				CODE_SIGN_STYLE = Automatic;
				INFOPLIST_FILE = Reverso/Info.plist;
				LD_RUNPATH_SEARCH_PATHS = "$(inherited) @executable_path/Frameworks";
				PRODUCT_BUNDLE_IDENTIFIER = ComNidhal.Reverso;
				PRODUCT_NAME = "$(TARGET_NAME)";
				SWIFT_VERSION = 4.0;
				TARGETED_DEVICE_FAMILY = "1,2";
			};
			name = Debug;
		};
		65BFADEF1FBAA29E00B6492C /* Release */ = {
			isa = XCBuildConfiguration;
			buildSettings = {
				ASSETCATALOG_COMPILER_APPICON_NAME = AppIcon;
				CODE_SIGN_STYLE = Automatic;
				INFOPLIST_FILE = Reverso/Info.plist;
				LD_RUNPATH_SEARCH_PATHS = "$(inherited) @executable_path/Frameworks";
				PRODUCT_BUNDLE_IDENTIFIER = ComNidhal.Reverso;
				PRODUCT_NAME = "$(TARGET_NAME)";
				SWIFT_VERSION = 4.0;
				TARGETED_DEVICE_FAMILY = "1,2";
			};
			name = Release;
		};
		65BFADF11FBAA29E00B6492C /* Debug */ = {
			isa = XCBuildConfiguration;
			buildSettings = {
				ALWAYS_EMBED_SWIFT_STANDARD_LIBRARIES = YES;
				BUNDLE_LOADER = "$(TEST_HOST)";
				CODE_SIGN_STYLE = Automatic;
				INFOPLIST_FILE = ReversoTests/Info.plist;
				LD_RUNPATH_SEARCH_PATHS = "$(inherited) @executable_path/Frameworks @loader_path/Frameworks";
				PRODUCT_BUNDLE_IDENTIFIER = ComNidhal.ReversoTests;
				PRODUCT_NAME = "$(TARGET_NAME)";
				SWIFT_VERSION = 4.0;
				TARGETED_DEVICE_FAMILY = "1,2";
				TEST_HOST = "$(BUILT_PRODUCTS_DIR)/Reverso.app/Reverso";
			};
			name = Debug;
		};
		65BFADF21FBAA29E00B6492C /* Release */ = {
			isa = XCBuildConfiguration;
			buildSettings = {
				ALWAYS_EMBED_SWIFT_STANDARD_LIBRARIES = YES;
				BUNDLE_LOADER = "$(TEST_HOST)";
				CODE_SIGN_STYLE = Automatic;
				INFOPLIST_FILE = ReversoTests/Info.plist;
				LD_RUNPATH_SEARCH_PATHS = "$(inherited) @executable_path/Frameworks @loader_path/Frameworks";
				PRODUCT_BUNDLE_IDENTIFIER = ComNidhal.ReversoTests;
				PRODUCT_NAME = "$(TARGET_NAME)";
				SWIFT_VERSION = 4.0;
				TARGETED_DEVICE_FAMILY = "1,2";
				TEST_HOST = "$(BUILT_PRODUCTS_DIR)/Reverso.app/Reverso";
			};
			name = Release;
		};
		65BFADF41FBAA29E00B6492C /* Debug */ = {
			isa = XCBuildConfiguration;
			buildSettings = {
				ALWAYS_EMBED_SWIFT_STANDARD_LIBRARIES = YES;
				CODE_SIGN_STYLE = Automatic;
				INFOPLIST_FILE = ReversoUITests/Info.plist;
				LD_RUNPATH_SEARCH_PATHS = "$(inherited) @executable_path/Frameworks @loader_path/Frameworks";
				PRODUCT_BUNDLE_IDENTIFIER = ComNidhal.ReversoUITests;
				PRODUCT_NAME = "$(TARGET_NAME)";
				SWIFT_VERSION = 4.0;
				TARGETED_DEVICE_FAMILY = "1,2";
				TEST_TARGET_NAME = Reverso;
			};
			name = Debug;
		};
		65BFADF51FBAA29E00B6492C /* Release */ = {
			isa = XCBuildConfiguration;
			buildSettings = {
				ALWAYS_EMBED_SWIFT_STANDARD_LIBRARIES = YES;
				CODE_SIGN_STYLE = Automatic;
				INFOPLIST_FILE = ReversoUITests/Info.plist;
				LD_RUNPATH_SEARCH_PATHS = "$(inherited) @executable_path/Frameworks @loader_path/Frameworks";
				PRODUCT_BUNDLE_IDENTIFIER = ComNidhal.ReversoUITests;
				PRODUCT_NAME = "$(TARGET_NAME)";
				SWIFT_VERSION = 4.0;
				TARGETED_DEVICE_FAMILY = "1,2";
				TEST_TARGET_NAME = Reverso;
			};
			name = Release;
		};
/* End XCBuildConfiguration section */

/* Begin XCConfigurationList section */
		65BFADC01FBAA29E00B6492C /* Build configuration list for PBXProject "Reverso" */ = {
			isa = XCConfigurationList;
			buildConfigurations = (
				65BFADEB1FBAA29E00B6492C /* Debug */,
				65BFADEC1FBAA29E00B6492C /* Release */,
			);
			defaultConfigurationIsVisible = 0;
			defaultConfigurationName = Release;
		};
		65BFADED1FBAA29E00B6492C /* Build configuration list for PBXNativeTarget "Reverso" */ = {
			isa = XCConfigurationList;
			buildConfigurations = (
				65BFADEE1FBAA29E00B6492C /* Debug */,
				65BFADEF1FBAA29E00B6492C /* Release */,
			);
			defaultConfigurationIsVisible = 0;
			defaultConfigurationName = Release;
		};
		65BFADF01FBAA29E00B6492C /* Build configuration list for PBXNativeTarget "ReversoTests" */ = {
			isa = XCConfigurationList;
			buildConfigurations = (
				65BFADF11FBAA29E00B6492C /* Debug */,
				65BFADF21FBAA29E00B6492C /* Release */,
			);
			defaultConfigurationIsVisible = 0;
			defaultConfigurationName = Release;
		};
		65BFADF31FBAA29E00B6492C /* Build configuration list for PBXNativeTarget "ReversoUITests" */ = {
			isa = XCConfigurationList;
			buildConfigurations = (
				65BFADF41FBAA29E00B6492C /* Debug */,
				65BFADF51FBAA29E00B6492C /* Release */,
			);
			defaultConfigurationIsVisible = 0;
			defaultConfigurationName = Release;
		};
/* End XCConfigurationList section */
	};
	rootObject = 65BFADBD1FBAA29E00B6492C /* Project object */;
}
